// !$*UTF8*$!
{
	archiveVersion = 1;
	classes = {
	};
	objectVersion = 46;
	objects = {

/* Begin PBXBuildFile section */
		BF420C6D1BBBFEA9009C3200 /* AppDelegate.swift in Sources */ = {isa = PBXBuildFile; fileRef = BF420C6C1BBBFEA9009C3200 /* AppDelegate.swift */; };
		BF420C6F1BBBFEA9009C3200 /* ButtonsViewController.swift in Sources */ = {isa = PBXBuildFile; fileRef = BF420C6E1BBBFEA9009C3200 /* ButtonsViewController.swift */; };
		BF420C721BBBFEA9009C3200 /* Main.storyboard in Resources */ = {isa = PBXBuildFile; fileRef = BF420C701BBBFEA9009C3200 /* Main.storyboard */; };
		BF420C741BBBFEA9009C3200 /* Assets.xcassets in Resources */ = {isa = PBXBuildFile; fileRef = BF420C731BBBFEA9009C3200 /* Assets.xcassets */; };
		BF420C771BBBFEA9009C3200 /* LaunchScreen.storyboard in Resources */ = {isa = PBXBuildFile; fileRef = BF420C751BBBFEA9009C3200 /* LaunchScreen.storyboard */; };
		BF54E1871BBC023900FA2352 /* UIViewInspectable.swift in Sources */ = {isa = PBXBuildFile; fileRef = BF54E1861BBC023900FA2352 /* UIViewInspectable.swift */; };
/* End PBXBuildFile section */

/* Begin PBXFileReference section */
		BF420C691BBBFEA9009C3200 /* StyledButton.app */ = {isa = PBXFileReference; explicitFileType = wrapper.application; includeInIndex = 0; path = StyledButton.app; sourceTree = BUILT_PRODUCTS_DIR; };
		BF420C6C1BBBFEA9009C3200 /* AppDelegate.swift */ = {isa = PBXFileReference; lastKnownFileType = sourcecode.swift; path = AppDelegate.swift; sourceTree = "<group>"; };
		BF420C6E1BBBFEA9009C3200 /* ButtonsViewController.swift */ = {isa = PBXFileReference; lastKnownFileType = sourcecode.swift; path = ButtonsViewController.swift; sourceTree = "<group>"; };
		BF420C711BBBFEA9009C3200 /* Base */ = {isa = PBXFileReference; lastKnownFileType = file.storyboard; name = Base; path = Base.lproj/Main.storyboard; sourceTree = "<group>"; };
		BF420C731BBBFEA9009C3200 /* Assets.xcassets */ = {isa = PBXFileReference; lastKnownFileType = folder.assetcatalog; path = Assets.xcassets; sourceTree = "<group>"; };
		BF420C761BBBFEA9009C3200 /* Base */ = {isa = PBXFileReference; lastKnownFileType = file.storyboard; name = Base; path = Base.lproj/LaunchScreen.storyboard; sourceTree = "<group>"; };
		BF420C781BBBFEA9009C3200 /* Info.plist */ = {isa = PBXFileReference; lastKnownFileType = text.plist.xml; path = Info.plist; sourceTree = "<group>"; };
		BF54E1861BBC023900FA2352 /* UIViewInspectable.swift */ = {isa = PBXFileReference; fileEncoding = 4; lastKnownFileType = sourcecode.swift; path = UIViewInspectable.swift; sourceTree = "<group>"; };
/* End PBXFileReference section */

/* Begin PBXFrameworksBuildPhase section */
		BF420C661BBBFEA9009C3200 /* Frameworks */ = {
			isa = PBXFrameworksBuildPhase;
			buildActionMask = 2147483647;
			files = (
			);
			runOnlyForDeploymentPostprocessing = 0;
		};
/* End PBXFrameworksBuildPhase section */

/* Begin PBXGroup section */
		BF420C601BBBFEA9009C3200 = {
			isa = PBXGroup;
			children = (
				BF420C6B1BBBFEA9009C3200 /* StyledButton */,
				BF420C6A1BBBFEA9009C3200 /* Products */,
			);
			sourceTree = "<group>";
		};
		BF420C6A1BBBFEA9009C3200 /* Products */ = {
			isa = PBXGroup;
			children = (
				BF420C691BBBFEA9009C3200 /* StyledButton.app */,
			);
			name = Products;
			sourceTree = "<group>";
		};
		BF420C6B1BBBFEA9009C3200 /* StyledButton */ = {
			isa = PBXGroup;
			children = (
				BF420C6C1BBBFEA9009C3200 /* AppDelegate.swift */,
				BF420C6E1BBBFEA9009C3200 /* ButtonsViewController.swift */,
				BF420C701BBBFEA9009C3200 /* Main.storyboard */,
				BF420C731BBBFEA9009C3200 /* Assets.xcassets */,
				BF420C751BBBFEA9009C3200 /* LaunchScreen.storyboard */,
				BF420C781BBBFEA9009C3200 /* Info.plist */,
				BF420C9C1BBC01A9009C3200 /* Helper */,
			);
			path = StyledButton;
			sourceTree = "<group>";
		};
		BF420C9C1BBC01A9009C3200 /* Helper */ = {
			isa = PBXGroup;
			children = (
				BF54E1861BBC023900FA2352 /* UIViewInspectable.swift */,
			);
			name = Helper;
			sourceTree = "<group>";
		};
/* End PBXGroup section */

/* Begin PBXNativeTarget section */
		BF420C681BBBFEA9009C3200 /* StyledButton */ = {
			isa = PBXNativeTarget;
			buildConfigurationList = BF420C911BBBFEA9009C3200 /* Build configuration list for PBXNativeTarget "StyledButton" */;
			buildPhases = (
				BF420C651BBBFEA9009C3200 /* Sources */,
				BF420C661BBBFEA9009C3200 /* Frameworks */,
				BF420C671BBBFEA9009C3200 /* Resources */,
			);
			buildRules = (
			);
			dependencies = (
			);
			name = StyledButton;
			productName = StyledButton;
			productReference = BF420C691BBBFEA9009C3200 /* StyledButton.app */;
			productType = "com.apple.product-type.application";
		};
/* End PBXNativeTarget section */

/* Begin PBXProject section */
		BF420C611BBBFEA9009C3200 /* Project object */ = {
			isa = PBXProject;
			attributes = {
				LastUpgradeCheck = 1130;
				ORGANIZATIONNAME = Example;
				TargetAttributes = {
					BF420C681BBBFEA9009C3200 = {
						CreatedOnToolsVersion = 7.0.1;
						LastSwiftMigration = 0820;
					};
				};
			};
			buildConfigurationList = BF420C641BBBFEA9009C3200 /* Build configuration list for PBXProject "StyledButton" */;
			compatibilityVersion = "Xcode 3.2";
			developmentRegion = en;
			hasScannedForEncodings = 0;
			knownRegions = (
				en,
				Base,
			);
			mainGroup = BF420C601BBBFEA9009C3200;
			productRefGroup = BF420C6A1BBBFEA9009C3200 /* Products */;
			projectDirPath = "";
			projectRoot = "";
			targets = (
				BF420C681BBBFEA9009C3200 /* StyledButton */,
			);
		};
/* End PBXProject section */

/* Begin PBXResourcesBuildPhase section */
		BF420C671BBBFEA9009C3200 /* Resources */ = {
			isa = PBXResourcesBuildPhase;
			buildActionMask = 2147483647;
			files = (
				BF420C771BBBFEA9009C3200 /* LaunchScreen.storyboard in Resources */,
				BF420C741BBBFEA9009C3200 /* Assets.xcassets in Resources */,
				BF420C721BBBFEA9009C3200 /* Main.storyboard in Resources */,
			);
			runOnlyForDeploymentPostprocessing = 0;
		};
/* End PBXResourcesBuildPhase section */

/* Begin PBXSourcesBuildPhase section */
		BF420C651BBBFEA9009C3200 /* Sources */ = {
			isa = PBXSourcesBuildPhase;
			buildActionMask = 2147483647;
			files = (
				BF420C6F1BBBFEA9009C3200 /* ButtonsViewController.swift in Sources */,
				BF54E1871BBC023900FA2352 /* UIViewInspectable.swift in Sources */,
				BF420C6D1BBBFEA9009C3200 /* AppDelegate.swift in Sources */,
			);
			runOnlyForDeploymentPostprocessing = 0;
		};
/* End PBXSourcesBuildPhase section */

/* Begin PBXVariantGroup section */
		BF420C701BBBFEA9009C3200 /* Main.storyboard */ = {
			isa = PBXVariantGroup;
			children = (
				BF420C711BBBFEA9009C3200 /* Base */,
			);
			name = Main.storyboard;
			sourceTree = "<group>";
		};
		BF420C751BBBFEA9009C3200 /* LaunchScreen.storyboard */ = {
			isa = PBXVariantGroup;
			children = (
				BF420C761BBBFEA9009C3200 /* Base */,
			);
			name = LaunchScreen.storyboard;
			sourceTree = "<group>";
		};
/* End PBXVariantGroup section */

/* Begin XCBuildConfiguration section */
		BF420C8F1BBBFEA9009C3200 /* Debug */ = {
			isa = XCBuildConfiguration;
			buildSettings = {
				ALWAYS_SEARCH_USER_PATHS = NO;
				CLANG_ANALYZER_LOCALIZABILITY_NONLOCALIZED = YES;
				CLANG_CXX_LANGUAGE_STANDARD = "gnu++0x";
				CLANG_CXX_LIBRARY = "libc++";
				CLANG_ENABLE_MODULES = YES;
				CLANG_ENABLE_OBJC_ARC = YES;
				CLANG_WARN_BLOCK_CAPTURE_AUTORELEASING = YES;
				CLANG_WARN_BOOL_CONVERSION = YES;
				CLANG_WARN_COMMA = YES;
				CLANG_WARN_CONSTANT_CONVERSION = YES;
				CLANG_WARN_DEPRECATED_OBJC_IMPLEMENTATIONS = YES;
				CLANG_WARN_DIRECT_OBJC_ISA_USAGE = YES_ERROR;
				CLANG_WARN_EMPTY_BODY = YES;
				CLANG_WARN_ENUM_CONVERSION = YES;
				CLANG_WARN_INFINITE_RECURSION = YES;
				CLANG_WARN_INT_CONVERSION = YES;
				CLANG_WARN_NON_LITERAL_NULL_CONVERSION = YES;
				CLANG_WARN_OBJC_IMPLICIT_RETAIN_SELF = YES;
				CLANG_WARN_OBJC_LITERAL_CONVERSION = YES;
				CLANG_WARN_OBJC_ROOT_CLASS = YES_ERROR;
				CLANG_WARN_RANGE_LOOP_ANALYSIS = YES;
				CLANG_WARN_STRICT_PROTOTYPES = YES;
				CLANG_WARN_SUSPICIOUS_MOVE = YES;
				CLANG_WARN_UNREACHABLE_CODE = YES;
				CLANG_WARN__DUPLICATE_METHOD_MATCH = YES;
				"CODE_SIGN_IDENTITY[sdk=iphoneos*]" = "iPhone Developer";
				COPY_PHASE_STRIP = NO;
				DEBUG_INFORMATION_FORMAT = dwarf;
				ENABLE_STRICT_OBJC_MSGSEND = YES;
				ENABLE_TESTABILITY = YES;
				GCC_C_LANGUAGE_STANDARD = gnu99;
				GCC_DYNAMIC_NO_PIC = NO;
				GCC_NO_COMMON_BLOCKS = YES;
				GCC_OPTIMIZATION_LEVEL = 0;
				GCC_PREPROCESSOR_DEFINITIONS = (
					"DEBUG=1",
					"$(inherited)",
				);
				GCC_WARN_64_TO_32_BIT_CONVERSION = YES;
				GCC_WARN_ABOUT_RETURN_TYPE = YES_ERROR;
				GCC_WARN_UNDECLARED_SELECTOR = YES;
				GCC_WARN_UNINITIALIZED_AUTOS = YES_AGGRESSIVE;
				GCC_WARN_UNUSED_FUNCTION = YES;
				GCC_WARN_UNUSED_VARIABLE = YES;
				IPHONEOS_DEPLOYMENT_TARGET = 9.0;
				MTL_ENABLE_DEBUG_INFO = YES;
				ONLY_ACTIVE_ARCH = YES;
				SDKROOT = iphoneos;
				SWIFT_OPTIMIZATION_LEVEL = "-Onone";
			};
			name = Debug;
		};
		BF420C901BBBFEA9009C3200 /* Release */ = {
			isa = XCBuildConfiguration;
			buildSettings = {
				ALWAYS_SEARCH_USER_PATHS = NO;
				CLANG_ANALYZER_LOCALIZABILITY_NONLOCALIZED = YES;
				CLANG_CXX_LANGUAGE_STANDARD = "gnu++0x";
				CLANG_CXX_LIBRARY = "libc++";
				CLANG_ENABLE_MODULES = YES;
				CLANG_ENABLE_OBJC_ARC = YES;
				CLANG_WARN_BLOCK_CAPTURE_AUTORELEASING = YES;
				CLANG_WARN_BOOL_CONVERSION = YES;
				CLANG_WARN_COMMA = YES;
				CLANG_WARN_CONSTANT_CONVERSION = YES;
				CLANG_WARN_DEPRECATED_OBJC_IMPLEMENTATIONS = YES;
				CLANG_WARN_DIRECT_OBJC_ISA_USAGE = YES_ERROR;
				CLANG_WARN_EMPTY_BODY = YES;
				CLANG_WARN_ENUM_CONVERSION = YES;
				CLANG_WARN_INFINITE_RECURSION = YES;
				CLANG_WARN_INT_CONVERSION = YES;
				CLANG_WARN_NON_LITERAL_NULL_CONVERSION = YES;
				CLANG_WARN_OBJC_IMPLICIT_RETAIN_SELF = YES;
				CLANG_WARN_OBJC_LITERAL_CONVERSION = YES;
				CLANG_WARN_OBJC_ROOT_CLASS = YES_ERROR;
				CLANG_WARN_RANGE_LOOP_ANALYSIS = YES;
				CLANG_WARN_STRICT_PROTOTYPES = YES;
				CLANG_WARN_SUSPICIOUS_MOVE = YES;
				CLANG_WARN_UNREACHABLE_CODE = YES;
				CLANG_WARN__DUPLICATE_METHOD_MATCH = YES;
				"CODE_SIGN_IDENTITY[sdk=iphoneos*]" = "iPhone Developer";
				COPY_PHASE_STRIP = NO;
				DEBUG_INFORMATION_FORMAT = "dwarf-with-dsym";
				ENABLE_NS_ASSERTIONS = NO;
				ENABLE_STRICT_OBJC_MSGSEND = YES;
				GCC_C_LANGUAGE_STANDARD = gnu99;
				GCC_NO_COMMON_BLOCKS = YES;
				GCC_WARN_64_TO_32_BIT_CONVERSION = YES;
				GCC_WARN_ABOUT_RETURN_TYPE = YES_ERROR;
				GCC_WARN_UNDECLARED_SELECTOR = YES;
				GCC_WARN_UNINITIALIZED_AUTOS = YES_AGGRESSIVE;
				GCC_WARN_UNUSED_FUNCTION = YES;
				GCC_WARN_UNUSED_VARIABLE = YES;
				IPHONEOS_DEPLOYMENT_TARGET = 9.0;
				MTL_ENABLE_DEBUG_INFO = NO;
				SDKROOT = iphoneos;
				SWIFT_OPTIMIZATION_LEVEL = "-Owholemodule";
				VALIDATE_PRODUCT = YES;
			};
			name = Release;
		};
		BF420C921BBBFEA9009C3200 /* Debug */ = {
			isa = XCBuildConfiguration;
			buildSettings = {
				ASSETCATALOG_COMPILER_APPICON_NAME = AppIcon;
				INFOPLIST_FILE = StyledButton/Info.plist;
				LD_RUNPATH_SEARCH_PATHS = "$(inherited) @executable_path/Frameworks";
				PRODUCT_BUNDLE_IDENTIFIER = com.examples.StyledButton;
				PRODUCT_NAME = "$(TARGET_NAME)";
				SWIFT_VERSION = 5.0;
			};
			name = Debug;
		};
		BF420C931BBBFEA9009C3200 /* Release */ = {
			isa = XCBuildConfiguration;
			buildSettings = {
				ASSETCATALOG_COMPILER_APPICON_NAME = AppIcon;
				INFOPLIST_FILE = StyledButton/Info.plist;
				LD_RUNPATH_SEARCH_PATHS = "$(inherited) @executable_path/Frameworks";
				PRODUCT_BUNDLE_IDENTIFIER = com.examples.StyledButton;
				PRODUCT_NAME = "$(TARGET_NAME)";
				SWIFT_VERSION = 5.0;
			};
			name = Release;
		};
/* End XCBuildConfiguration section */

/* Begin XCConfigurationList section */
		BF420C641BBBFEA9009C3200 /* Build configuration list for PBXProject "StyledButton" */ = {
			isa = XCConfigurationList;
			buildConfigurations = (
				BF420C8F1BBBFEA9009C3200 /* Debug */,
				BF420C901BBBFEA9009C3200 /* Release */,
			);
			defaultConfigurationIsVisible = 0;
			defaultConfigurationName = Release;
		};
		BF420C911BBBFEA9009C3200 /* Build configuration list for PBXNativeTarget "StyledButton" */ = {
			isa = XCConfigurationList;
			buildConfigurations = (
				BF420C921BBBFEA9009C3200 /* Debug */,
				BF420C931BBBFEA9009C3200 /* Release */,
			);
			defaultConfigurationIsVisible = 0;
			defaultConfigurationName = Release;
		};
/* End XCConfigurationList section */
	};
	rootObject = BF420C611BBBFEA9009C3200 /* Project object */;
}
